
Microsoft Visual Studio Solution File, Format Version 12.00
# Visual Studio Version 16
VisualStudioVersion = 16.0.810.25
MinimumVisualStudioVersion = 10.0.40219.1
Project("{FAE04EC0-301F-11D3-BF4B-00C04F79EFBC}") = "AgeCalculate", "AgeCalculate\AgeCalculate.csproj", "{08B350D0-FE8E-4523-81F4-D712DA95BA7F}"
EndProject
Global
	GlobalSection(SolutionConfigurationPlatforms) = preSolution
		Debug|Any CPU = Debug|Any CPU
		Release|Any CPU = Release|Any CPU
	EndGlobalSection
	GlobalSection(ProjectConfigurationPlatforms) = postSolution
		{08B350D0-FE8E-4523-81F4-D712DA95BA7F}.Debug|Any CPU.ActiveCfg = Debug|Any CPU
		{08B350D0-FE8E-4523-81F4-D712DA95BA7F}.Debug|Any CPU.Build.0 = Debug|Any CPU
		{08B350D0-FE8E-4523-81F4-D712DA95BA7F}.Release|Any CPU.ActiveCfg = Release|Any CPU
		{08B350D0-FE8E-4523-81F4-D712DA95BA7F}.Release|Any CPU.Build.0 = Release|Any CPU
	EndGlobalSection
	GlobalSection(SolutionProperties) = preSolution
		HideSolutionNode = FALSE
	EndGlobalSection
	GlobalSection(ExtensibilityGlobals) = postSolution
		SolutionGuid = {E93F2F01-953A-4ADC-ACA3-F198F32805C5}
	EndGlobalSection
EndGlobal
